// !$*UTF8*$!
{
	archiveVersion = 1;
	classes = {
	};
	objectVersion = 46;
	objects = {

/* Begin PBXBuildFile section */
		EE632FB61B0FE059007626D7 /* AppDelegate.swift in Sources */ = {isa = PBXBuildFile; fileRef = EE632FB51B0FE059007626D7 /* AppDelegate.swift */; };
		EE632FB81B0FE059007626D7 /* ViewController.swift in Sources */ = {isa = PBXBuildFile; fileRef = EE632FB71B0FE059007626D7 /* ViewController.swift */; };
		EE632FBB1B0FE059007626D7 /* Main.storyboard in Resources */ = {isa = PBXBuildFile; fileRef = EE632FB91B0FE059007626D7 /* Main.storyboard */; };
		EE632FBD1B0FE059007626D7 /* Images.xcassets in Resources */ = {isa = PBXBuildFile; fileRef = EE632FBC1B0FE059007626D7 /* Images.xcassets */; };
		EE632FC01B0FE059007626D7 /* LaunchScreen.xib in Resources */ = {isa = PBXBuildFile; fileRef = EE632FBE1B0FE059007626D7 /* LaunchScreen.xib */; };
		EE632FCC1B0FE059007626D7 /* FootyStatsTests.swift in Sources */ = {isa = PBXBuildFile; fileRef = EE632FCB1B0FE059007626D7 /* FootyStatsTests.swift */; };
/* End PBXBuildFile section */

/* Begin PBXContainerItemProxy section */
		EE632FC61B0FE059007626D7 /* PBXContainerItemProxy */ = {
			isa = PBXContainerItemProxy;
			containerPortal = EE632FA81B0FE059007626D7 /* Project object */;
			proxyType = 1;
			remoteGlobalIDString = EE632FAF1B0FE059007626D7;
			remoteInfo = FootyStats;
		};
/* End PBXContainerItemProxy section */

/* Begin PBXFileReference section */
		EE632FB01B0FE059007626D7 /* FootyStats.app */ = {isa = PBXFileReference; explicitFileType = wrapper.application; includeInIndex = 0; path = FootyStats.app; sourceTree = BUILT_PRODUCTS_DIR; };
		EE632FB41B0FE059007626D7 /* Info.plist */ = {isa = PBXFileReference; lastKnownFileType = text.plist.xml; path = Info.plist; sourceTree = "<group>"; };
		EE632FB51B0FE059007626D7 /* AppDelegate.swift */ = {isa = PBXFileReference; lastKnownFileType = sourcecode.swift; path = AppDelegate.swift; sourceTree = "<group>"; };
		EE632FB71B0FE059007626D7 /* ViewController.swift */ = {isa = PBXFileReference; lastKnownFileType = sourcecode.swift; path = ViewController.swift; sourceTree = "<group>"; };
		EE632FBA1B0FE059007626D7 /* Base */ = {isa = PBXFileReference; lastKnownFileType = file.storyboard; name = Base; path = Base.lproj/Main.storyboard; sourceTree = "<group>"; };
		EE632FBC1B0FE059007626D7 /* Images.xcassets */ = {isa = PBXFileReference; lastKnownFileType = folder.assetcatalog; path = Images.xcassets; sourceTree = "<group>"; };
		EE632FBF1B0FE059007626D7 /* Base */ = {isa = PBXFileReference; lastKnownFileType = file.xib; name = Base; path = Base.lproj/LaunchScreen.xib; sourceTree = "<group>"; };
		EE632FC51B0FE059007626D7 /* FootyStatsTests.xctest */ = {isa = PBXFileReference; explicitFileType = wrapper.cfbundle; includeInIndex = 0; path = FootyStatsTests.xctest; sourceTree = BUILT_PRODUCTS_DIR; };
		EE632FCA1B0FE059007626D7 /* Info.plist */ = {isa = PBXFileReference; lastKnownFileType = text.plist.xml; path = Info.plist; sourceTree = "<group>"; };
		EE632FCB1B0FE059007626D7 /* FootyStatsTests.swift */ = {isa = PBXFileReference; lastKnownFileType = sourcecode.swift; path = FootyStatsTests.swift; sourceTree = "<group>"; };
/* End PBXFileReference section */

/* Begin PBXFrameworksBuildPhase section */
		EE632FAD1B0FE059007626D7 /* Frameworks */ = {
			isa = PBXFrameworksBuildPhase;
			buildActionMask = 2147483647;
			files = (
			);
			runOnlyForDeploymentPostprocessing = 0;
		};
		EE632FC21B0FE059007626D7 /* Frameworks */ = {
			isa = PBXFrameworksBuildPhase;
			buildActionMask = 2147483647;
			files = (
			);
			runOnlyForDeploymentPostprocessing = 0;
		};
/* End PBXFrameworksBuildPhase section */

/* Begin PBXGroup section */
		EE632FA71B0FE059007626D7 = {
			isa = PBXGroup;
			children = (
				EE632FB21B0FE059007626D7 /* FootyStats */,
				EE632FC81B0FE059007626D7 /* FootyStatsTests */,
				EE632FB11B0FE059007626D7 /* Products */,
			);
			sourceTree = "<group>";
		};
		EE632FB11B0FE059007626D7 /* Products */ = {
			isa = PBXGroup;
			children = (
				EE632FB01B0FE059007626D7 /* FootyStats.app */,
				EE632FC51B0FE059007626D7 /* FootyStatsTests.xctest */,
			);
			name = Products;
			sourceTree = "<group>";
		};
		EE632FB21B0FE059007626D7 /* FootyStats */ = {
			isa = PBXGroup;
			children = (
				EE632FB51B0FE059007626D7 /* AppDelegate.swift */,
				EE632FB71B0FE059007626D7 /* ViewController.swift */,
				EE632FB91B0FE059007626D7 /* Main.storyboard */,
				EE632FBC1B0FE059007626D7 /* Images.xcassets */,
				EE632FBE1B0FE059007626D7 /* LaunchScreen.xib */,
				EE632FB31B0FE059007626D7 /* Supporting Files */,
			);
			path = FootyStats;
			sourceTree = "<group>";
		};
		EE632FB31B0FE059007626D7 /* Supporting Files */ = {
			isa = PBXGroup;
			children = (
				EE632FB41B0FE059007626D7 /* Info.plist */,
			);
			name = "Supporting Files";
			sourceTree = "<group>";
		};
		EE632FC81B0FE059007626D7 /* FootyStatsTests */ = {
			isa = PBXGroup;
			children = (
				EE632FCB1B0FE059007626D7 /* FootyStatsTests.swift */,
				EE632FC91B0FE059007626D7 /* Supporting Files */,
			);
			path = FootyStatsTests;
			sourceTree = "<group>";
		};
		EE632FC91B0FE059007626D7 /* Supporting Files */ = {
			isa = PBXGroup;
			children = (
				EE632FCA1B0FE059007626D7 /* Info.plist */,
			);
			name = "Supporting Files";
			sourceTree = "<group>";
		};
/* End PBXGroup section */

/* Begin PBXNativeTarget section */
		EE632FAF1B0FE059007626D7 /* FootyStats */ = {
			isa = PBXNativeTarget;
			buildConfigurationList = EE632FCF1B0FE059007626D7 /* Build configuration list for PBXNativeTarget "FootyStats" */;
			buildPhases = (
				EE632FAC1B0FE059007626D7 /* Sources */,
				EE632FAD1B0FE059007626D7 /* Frameworks */,
				EE632FAE1B0FE059007626D7 /* Resources */,
			);
			buildRules = (
			);
			dependencies = (
			);
			name = FootyStats;
			productName = FootyStats;
			productReference = EE632FB01B0FE059007626D7 /* FootyStats.app */;
			productType = "com.apple.product-type.application";
		};
		EE632FC41B0FE059007626D7 /* FootyStatsTests */ = {
			isa = PBXNativeTarget;
			buildConfigurationList = EE632FD21B0FE059007626D7 /* Build configuration list for PBXNativeTarget "FootyStatsTests" */;
			buildPhases = (
				EE632FC11B0FE059007626D7 /* Sources */,
				EE632FC21B0FE059007626D7 /* Frameworks */,
				EE632FC31B0FE059007626D7 /* Resources */,
			);
			buildRules = (
			);
			dependencies = (
				EE632FC71B0FE059007626D7 /* PBXTargetDependency */,
			);
			name = FootyStatsTests;
			productName = FootyStatsTests;
			productReference = EE632FC51B0FE059007626D7 /* FootyStatsTests.xctest */;
			productType = "com.apple.product-type.bundle.unit-test";
		};
/* End PBXNativeTarget section */

/* Begin PBXProject section */
		EE632FA81B0FE059007626D7 /* Project object */ = {
			isa = PBXProject;
			attributes = {
				LastUpgradeCheck = 0630;
				ORGANIZATIONNAME = "Graeme Kelly";
				TargetAttributes = {
					EE632FAF1B0FE059007626D7 = {
						CreatedOnToolsVersion = 6.3.2;
						DevelopmentTeam = 7JF986L3VW;
					};
					EE632FC41B0FE059007626D7 = {
						CreatedOnToolsVersion = 6.3.2;
						TestTargetID = EE632FAF1B0FE059007626D7;
					};
				};
			};
			buildConfigurationList = EE632FAB1B0FE059007626D7 /* Build configuration list for PBXProject "FootyStats" */;
			compatibilityVersion = "Xcode 3.2";
			developmentRegion = English;
			hasScannedForEncodings = 0;
			knownRegions = (
				en,
				Base,
			);
			mainGroup = EE632FA71B0FE059007626D7;
			productRefGroup = EE632FB11B0FE059007626D7 /* Products */;
			projectDirPath = "";
			projectRoot = "";
			targets = (
				EE632FAF1B0FE059007626D7 /* FootyStats */,
				EE632FC41B0FE059007626D7 /* FootyStatsTests */,
			);
		};
/* End PBXProject section */

/* Begin PBXResourcesBuildPhase section */
		EE632FAE1B0FE059007626D7 /* Resources */ = {
			isa = PBXResourcesBuildPhase;
			buildActionMask = 2147483647;
			files = (
				EE632FBB1B0FE059007626D7 /* Main.storyboard in Resources */,
				EE632FC01B0FE059007626D7 /* LaunchScreen.xib in Resources */,
				EE632FBD1B0FE059007626D7 /* Images.xcassets in Resources */,
			);
			runOnlyForDeploymentPostprocessing = 0;
		};
		EE632FC31B0FE059007626D7 /* Resources */ = {
			isa = PBXResourcesBuildPhase;
			buildActionMask = 2147483647;
			files = (
			);
			runOnlyForDeploymentPostprocessing = 0;
		};
/* End PBXResourcesBuildPhase section */

/* Begin PBXSourcesBuildPhase section */
		EE632FAC1B0FE059007626D7 /* Sources */ = {
			isa = PBXSourcesBuildPhase;
			buildActionMask = 2147483647;
			files = (
				EE632FB81B0FE059007626D7 /* ViewController.swift in Sources */,
				EE632FB61B0FE059007626D7 /* AppDelegate.swift in Sources */,
			);
			runOnlyForDeploymentPostprocessing = 0;
		};
		EE632FC11B0FE059007626D7 /* Sources */ = {
			isa = PBXSourcesBuildPhase;
			buildActionMask = 2147483647;
			files = (
				EE632FCC1B0FE059007626D7 /* FootyStatsTests.swift in Sources */,
			);
			runOnlyForDeploymentPostprocessing = 0;
		};
/* End PBXSourcesBuildPhase section */

/* Begin PBXTargetDependency section */
		EE632FC71B0FE059007626D7 /* PBXTargetDependency */ = {
			isa = PBXTargetDependency;
			target = EE632FAF1B0FE059007626D7 /* FootyStats */;
			targetProxy = EE632FC61B0FE059007626D7 /* PBXContainerItemProxy */;
		};
/* End PBXTargetDependency section */

/* Begin PBXVariantGroup section */
		EE632FB91B0FE059007626D7 /* Main.storyboard */ = {
			isa = PBXVariantGroup;
			children = (
				EE632FBA1B0FE059007626D7 /* Base */,
			);
			name = Main.storyboard;
			sourceTree = "<group>";
		};
		EE632FBE1B0FE059007626D7 /* LaunchScreen.xib */ = {
			isa = PBXVariantGroup;
			children = (
				EE632FBF1B0FE059007626D7 /* Base */,
			);
			name = LaunchScreen.xib;
			sourceTree = "<group>";
		};
/* End PBXVariantGroup section */

/* Begin XCBuildConfiguration section */
		EE632FCD1B0FE059007626D7 /* Debug */ = {
			isa = XCBuildConfiguration;
			buildSettings = {
				ALWAYS_SEARCH_USER_PATHS = NO;
				CLANG_CXX_LANGUAGE_STANDARD = "gnu++0x";
				CLANG_CXX_LIBRARY = "libc++";
				CLANG_ENABLE_MODULES = YES;
				CLANG_ENABLE_OBJC_ARC = YES;
				CLANG_WARN_BOOL_CONVERSION = YES;
				CLANG_WARN_CONSTANT_CONVERSION = YES;
				CLANG_WARN_DIRECT_OBJC_ISA_USAGE = YES_ERROR;
				CLANG_WARN_EMPTY_BODY = YES;
				CLANG_WARN_ENUM_CONVERSION = YES;
				CLANG_WARN_INT_CONVERSION = YES;
				CLANG_WARN_OBJC_ROOT_CLASS = YES_ERROR;
				CLANG_WARN_UNREACHABLE_CODE = YES;
				CLANG_WARN__DUPLICATE_METHOD_MATCH = YES;
				"CODE_SIGN_IDENTITY[sdk=iphoneos*]" = "iPhone Developer";
				COPY_PHASE_STRIP = NO;
				DEBUG_INFORMATION_FORMAT = "dwarf-with-dsym";
				ENABLE_STRICT_OBJC_MSGSEND = YES;
				GCC_C_LANGUAGE_STANDARD = gnu99;
				GCC_DYNAMIC_NO_PIC = NO;
				GCC_NO_COMMON_BLOCKS = YES;
				GCC_OPTIMIZATION_LEVEL = 0;
				GCC_PREPROCESSOR_DEFINITIONS = (
					"DEBUG=1",
					"$(inherited)",
				);
				GCC_SYMBOLS_PRIVATE_EXTERN = NO;
				GCC_WARN_64_TO_32_BIT_CONVERSION = YES;
				GCC_WARN_ABOUT_RETURN_TYPE = YES_ERROR;
				GCC_WARN_UNDECLARED_SELECTOR = YES;
				GCC_WARN_UNINITIALIZED_AUTOS = YES_AGGRESSIVE;
				GCC_WARN_UNUSED_FUNCTION = YES;
				GCC_WARN_UNUSED_VARIABLE = YES;
				IPHONEOS_DEPLOYMENT_TARGET = 8.3;
				MTL_ENABLE_DEBUG_INFO = YES;
				ONLY_ACTIVE_ARCH = YES;
				SDKROOT = iphoneos;
				SWIFT_OPTIMIZATION_LEVEL = "-Onone";
			};
			name = Debug;
		};
		EE632FCE1B0FE059007626D7 /* Release */ = {
			isa = XCBuildConfiguration;
			buildSettings = {
				ALWAYS_SEARCH_USER_PATHS = NO;
				CLANG_CXX_LANGUAGE_STANDARD = "gnu++0x";
				CLANG_CXX_LIBRARY = "libc++";
				CLANG_ENABLE_MODULES = YES;
				CLANG_ENABLE_OBJC_ARC = YES;
				CLANG_WARN_BOOL_CONVERSION = YES;
				CLANG_WARN_CONSTANT_CONVERSION = YES;
				CLANG_WARN_DIRECT_OBJC_ISA_USAGE = YES_ERROR;
				CLANG_WARN_EMPTY_BODY = YES;
				CLANG_WARN_ENUM_CONVERSION = YES;
				CLANG_WARN_INT_CONVERSION = YES;
				CLANG_WARN_OBJC_ROOT_CLASS = YES_ERROR;
				CLANG_WARN_UNREACHABLE_CODE = YES;
				CLANG_WARN__DUPLICATE_METHOD_MATCH = YES;
				"CODE_SIGN_IDENTITY[sdk=iphoneos*]" = "iPhone Developer";
				COPY_PHASE_STRIP = NO;
				DEBUG_INFORMATION_FORMAT = "dwarf-with-dsym";
				ENABLE_NS_ASSERTIONS = NO;
				ENABLE_STRICT_OBJC_MSGSEND = YES;
				GCC_C_LANGUAGE_STANDARD = gnu99;
				GCC_NO_COMMON_BLOCKS = YES;
				GCC_WARN_64_TO_32_BIT_CONVERSION = YES;
				GCC_WARN_ABOUT_RETURN_TYPE = YES_ERROR;
				GCC_WARN_UNDECLARED_SELECTOR = YES;
				GCC_WARN_UNINITIALIZED_AUTOS = YES_AGGRESSIVE;
				GCC_WARN_UNUSED_FUNCTION = YES;
				GCC_WARN_UNUSED_VARIABLE = YES;
				IPHONEOS_DEPLOYMENT_TARGET = 8.3;
				MTL_ENABLE_DEBUG_INFO = NO;
				SDKROOT = iphoneos;
				VALIDATE_PRODUCT = YES;
			};
			name = Release;
		};
		EE632FD01B0FE059007626D7 /* Debug */ = {
			isa = XCBuildConfiguration;
			buildSettings = {
				ASSETCATALOG_COMPILER_APPICON_NAME = AppIcon;
				CODE_SIGN_IDENTITY = "iPhone Developer";
				INFOPLIST_FILE = FootyStats/Info.plist;
				LD_RUNPATH_SEARCH_PATHS = "$(inherited) @executable_path/Frameworks";
				PRODUCT_NAME = "$(TARGET_NAME)";
				TARGETED_DEVICE_FAMILY = 1;
			};
			name = Debug;
		};
		EE632FD11B0FE059007626D7 /* Release */ = {
			isa = XCBuildConfiguration;
			buildSettings = {
				ASSETCATALOG_COMPILER_APPICON_NAME = AppIcon;
				CODE_SIGN_IDENTITY = "iPhone Developer";
				INFOPLIST_FILE = FootyStats/Info.plist;
				LD_RUNPATH_SEARCH_PATHS = "$(inherited) @executable_path/Frameworks";
				PRODUCT_NAME = "$(TARGET_NAME)";
				TARGETED_DEVICE_FAMILY = 1;
			};
			name = Release;
		};
		EE632FD31B0FE059007626D7 /* Debug */ = {
			isa = XCBuildConfiguration;
			buildSettings = {
				BUNDLE_LOADER = "$(TEST_HOST)";
				FRAMEWORK_SEARCH_PATHS = (
					"$(SDKROOT)/Developer/Library/Frameworks",
					"$(inherited)",
				);
				GCC_PREPROCESSOR_DEFINITIONS = (
					"DEBUG=1",
					"$(inherited)",
				);
				INFOPLIST_FILE = FootyStatsTests/Info.plist;
				LD_RUNPATH_SEARCH_PATHS = "$(inherited) @executable_path/Frameworks @loader_path/Frameworks";
				PRODUCT_NAME = "$(TARGET_NAME)";
				TEST_HOST = "$(BUILT_PRODUCTS_DIR)/FootyStats.app/FootyStats";
			};
			name = Debug;
		};
		EE632FD41B0FE059007626D7 /* Release */ = {
			isa = XCBuildConfiguration;
			buildSettings = {
				BUNDLE_LOADER = "$(TEST_HOST)";
				FRAMEWORK_SEARCH_PATHS = (
					"$(SDKROOT)/Developer/Library/Frameworks",
					"$(inherited)",
				);
				INFOPLIST_FILE = FootyStatsTests/Info.plist;
				LD_RUNPATH_SEARCH_PATHS = "$(inherited) @executable_path/Frameworks @loader_path/Frameworks";
				PRODUCT_NAME = "$(TARGET_NAME)";
				TEST_HOST = "$(BUILT_PRODUCTS_DIR)/FootyStats.app/FootyStats";
			};
			name = Release;
		};
/* End XCBuildConfiguration section */

/* Begin XCConfigurationList section */
		EE632FAB1B0FE059007626D7 /* Build configuration list for PBXProject "FootyStats" */ = {
			isa = XCConfigurationList;
			buildConfigurations = (
				EE632FCD1B0FE059007626D7 /* Debug */,
				EE632FCE1B0FE059007626D7 /* Release */,
			);
			defaultConfigurationIsVisible = 0;
			defaultConfigurationName = Release;
		};
		EE632FCF1B0FE059007626D7 /* Build configuration list for PBXNativeTarget "FootyStats" */ = {
			isa = XCConfigurationList;
			buildConfigurations = (
				EE632FD01B0FE059007626D7 /* Debug */,
				EE632FD11B0FE059007626D7 /* Release */,
			);
			defaultConfigurationIsVisible = 0;
		};
		EE632FD21B0FE059007626D7 /* Build configuration list for PBXNativeTarget "FootyStatsTests" */ = {
			isa = XCConfigurationList;
			buildConfigurations = (
				EE632FD31B0FE059007626D7 /* Debug */,
				EE632FD41B0FE059007626D7 /* Release */,
			);
			defaultConfigurationIsVisible = 0;
		};
/* End XCConfigurationList section */
	};
	rootObject = EE632FA81B0FE059007626D7 /* Project object */;
}
