// !$*UTF8*$!
{
	archiveVersion = 1;
	classes = {
	};
	objectVersion = 46;
	objects = {

/* Begin PBXBuildFile section */
		EE8D43991B069FE300E2673D /* AppDelegate.swift in Sources */ = {isa = PBXBuildFile; fileRef = EE8D43981B069FE300E2673D /* AppDelegate.swift */; };
		EE8D439B1B069FE300E2673D /* ViewController.swift in Sources */ = {isa = PBXBuildFile; fileRef = EE8D439A1B069FE300E2673D /* ViewController.swift */; };
		EE8D439E1B069FE300E2673D /* Main.storyboard in Resources */ = {isa = PBXBuildFile; fileRef = EE8D439C1B069FE300E2673D /* Main.storyboard */; };
		EE8D43A01B069FE300E2673D /* Images.xcassets in Resources */ = {isa = PBXBuildFile; fileRef = EE8D439F1B069FE300E2673D /* Images.xcassets */; };
		EE8D43A31B069FE300E2673D /* LaunchScreen.xib in Resources */ = {isa = PBXBuildFile; fileRef = EE8D43A11B069FE300E2673D /* LaunchScreen.xib */; };
		EE8D43AF1B069FE300E2673D /* FootyScorerTests.swift in Sources */ = {isa = PBXBuildFile; fileRef = EE8D43AE1B069FE300E2673D /* FootyScorerTests.swift */; };
/* End PBXBuildFile section */

/* Begin PBXContainerItemProxy section */
		EE8D43A91B069FE300E2673D /* PBXContainerItemProxy */ = {
			isa = PBXContainerItemProxy;
			containerPortal = EE8D438B1B069FE300E2673D /* Project object */;
			proxyType = 1;
			remoteGlobalIDString = EE8D43921B069FE300E2673D;
			remoteInfo = FootyScorer;
		};
/* End PBXContainerItemProxy section */

/* Begin PBXFileReference section */
		EE8D43931B069FE300E2673D /* FootyScorer.app */ = {isa = PBXFileReference; explicitFileType = wrapper.application; includeInIndex = 0; path = FootyScorer.app; sourceTree = BUILT_PRODUCTS_DIR; };
		EE8D43971B069FE300E2673D /* Info.plist */ = {isa = PBXFileReference; lastKnownFileType = text.plist.xml; path = Info.plist; sourceTree = "<group>"; };
		EE8D43981B069FE300E2673D /* AppDelegate.swift */ = {isa = PBXFileReference; lastKnownFileType = sourcecode.swift; path = AppDelegate.swift; sourceTree = "<group>"; };
		EE8D439A1B069FE300E2673D /* ViewController.swift */ = {isa = PBXFileReference; lastKnownFileType = sourcecode.swift; path = ViewController.swift; sourceTree = "<group>"; };
		EE8D439D1B069FE300E2673D /* Base */ = {isa = PBXFileReference; lastKnownFileType = file.storyboard; name = Base; path = Base.lproj/Main.storyboard; sourceTree = "<group>"; };
		EE8D439F1B069FE300E2673D /* Images.xcassets */ = {isa = PBXFileReference; lastKnownFileType = folder.assetcatalog; path = Images.xcassets; sourceTree = "<group>"; };
		EE8D43A21B069FE300E2673D /* Base */ = {isa = PBXFileReference; lastKnownFileType = file.xib; name = Base; path = Base.lproj/LaunchScreen.xib; sourceTree = "<group>"; };
		EE8D43A81B069FE300E2673D /* FootyScorerTests.xctest */ = {isa = PBXFileReference; explicitFileType = wrapper.cfbundle; includeInIndex = 0; path = FootyScorerTests.xctest; sourceTree = BUILT_PRODUCTS_DIR; };
		EE8D43AD1B069FE300E2673D /* Info.plist */ = {isa = PBXFileReference; lastKnownFileType = text.plist.xml; path = Info.plist; sourceTree = "<group>"; };
		EE8D43AE1B069FE300E2673D /* FootyScorerTests.swift */ = {isa = PBXFileReference; lastKnownFileType = sourcecode.swift; path = FootyScorerTests.swift; sourceTree = "<group>"; };
/* End PBXFileReference section */

/* Begin PBXFrameworksBuildPhase section */
		EE8D43901B069FE300E2673D /* Frameworks */ = {
			isa = PBXFrameworksBuildPhase;
			buildActionMask = 2147483647;
			files = (
			);
			runOnlyForDeploymentPostprocessing = 0;
		};
		EE8D43A51B069FE300E2673D /* Frameworks */ = {
			isa = PBXFrameworksBuildPhase;
			buildActionMask = 2147483647;
			files = (
			);
			runOnlyForDeploymentPostprocessing = 0;
		};
/* End PBXFrameworksBuildPhase section */

/* Begin PBXGroup section */
		EE8D438A1B069FE300E2673D = {
			isa = PBXGroup;
			children = (
				EE8D43951B069FE300E2673D /* FootyScorer */,
				EE8D43AB1B069FE300E2673D /* FootyScorerTests */,
				EE8D43941B069FE300E2673D /* Products */,
			);
			sourceTree = "<group>";
		};
		EE8D43941B069FE300E2673D /* Products */ = {
			isa = PBXGroup;
			children = (
				EE8D43931B069FE300E2673D /* FootyScorer.app */,
				EE8D43A81B069FE300E2673D /* FootyScorerTests.xctest */,
			);
			name = Products;
			sourceTree = "<group>";
		};
		EE8D43951B069FE300E2673D /* FootyScorer */ = {
			isa = PBXGroup;
			children = (
				EE8D43981B069FE300E2673D /* AppDelegate.swift */,
				EE8D439A1B069FE300E2673D /* ViewController.swift */,
				EE8D439C1B069FE300E2673D /* Main.storyboard */,
				EE8D439F1B069FE300E2673D /* Images.xcassets */,
				EE8D43A11B069FE300E2673D /* LaunchScreen.xib */,
				EE8D43961B069FE300E2673D /* Supporting Files */,
			);
			path = FootyScorer;
			sourceTree = "<group>";
		};
		EE8D43961B069FE300E2673D /* Supporting Files */ = {
			isa = PBXGroup;
			children = (
				EE8D43971B069FE300E2673D /* Info.plist */,
			);
			name = "Supporting Files";
			sourceTree = "<group>";
		};
		EE8D43AB1B069FE300E2673D /* FootyScorerTests */ = {
			isa = PBXGroup;
			children = (
				EE8D43AE1B069FE300E2673D /* FootyScorerTests.swift */,
				EE8D43AC1B069FE300E2673D /* Supporting Files */,
			);
			path = FootyScorerTests;
			sourceTree = "<group>";
		};
		EE8D43AC1B069FE300E2673D /* Supporting Files */ = {
			isa = PBXGroup;
			children = (
				EE8D43AD1B069FE300E2673D /* Info.plist */,
			);
			name = "Supporting Files";
			sourceTree = "<group>";
		};
/* End PBXGroup section */

/* Begin PBXNativeTarget section */
		EE8D43921B069FE300E2673D /* FootyScorer */ = {
			isa = PBXNativeTarget;
			buildConfigurationList = EE8D43B21B069FE300E2673D /* Build configuration list for PBXNativeTarget "FootyScorer" */;
			buildPhases = (
				EE8D438F1B069FE300E2673D /* Sources */,
				EE8D43901B069FE300E2673D /* Frameworks */,
				EE8D43911B069FE300E2673D /* Resources */,
			);
			buildRules = (
			);
			dependencies = (
			);
			name = FootyScorer;
			productName = FootyScorer;
			productReference = EE8D43931B069FE300E2673D /* FootyScorer.app */;
			productType = "com.apple.product-type.application";
		};
		EE8D43A71B069FE300E2673D /* FootyScorerTests */ = {
			isa = PBXNativeTarget;
			buildConfigurationList = EE8D43B51B069FE300E2673D /* Build configuration list for PBXNativeTarget "FootyScorerTests" */;
			buildPhases = (
				EE8D43A41B069FE300E2673D /* Sources */,
				EE8D43A51B069FE300E2673D /* Frameworks */,
				EE8D43A61B069FE300E2673D /* Resources */,
			);
			buildRules = (
			);
			dependencies = (
				EE8D43AA1B069FE300E2673D /* PBXTargetDependency */,
			);
			name = FootyScorerTests;
			productName = FootyScorerTests;
			productReference = EE8D43A81B069FE300E2673D /* FootyScorerTests.xctest */;
			productType = "com.apple.product-type.bundle.unit-test";
		};
/* End PBXNativeTarget section */

/* Begin PBXProject section */
		EE8D438B1B069FE300E2673D /* Project object */ = {
			isa = PBXProject;
			attributes = {
				LastUpgradeCheck = 0630;
				ORGANIZATIONNAME = "Graeme Kelly";
				TargetAttributes = {
					EE8D43921B069FE300E2673D = {
						CreatedOnToolsVersion = 6.3.1;
						DevelopmentTeam = 7JF986L3VW;
					};
					EE8D43A71B069FE300E2673D = {
						CreatedOnToolsVersion = 6.3.1;
						TestTargetID = EE8D43921B069FE300E2673D;
					};
				};
			};
			buildConfigurationList = EE8D438E1B069FE300E2673D /* Build configuration list for PBXProject "FootyScorer" */;
			compatibilityVersion = "Xcode 3.2";
			developmentRegion = English;
			hasScannedForEncodings = 0;
			knownRegions = (
				en,
				Base,
			);
			mainGroup = EE8D438A1B069FE300E2673D;
			productRefGroup = EE8D43941B069FE300E2673D /* Products */;
			projectDirPath = "";
			projectRoot = "";
			targets = (
				EE8D43921B069FE300E2673D /* FootyScorer */,
				EE8D43A71B069FE300E2673D /* FootyScorerTests */,
			);
		};
/* End PBXProject section */

/* Begin PBXResourcesBuildPhase section */
		EE8D43911B069FE300E2673D /* Resources */ = {
			isa = PBXResourcesBuildPhase;
			buildActionMask = 2147483647;
			files = (
				EE8D439E1B069FE300E2673D /* Main.storyboard in Resources */,
				EE8D43A31B069FE300E2673D /* LaunchScreen.xib in Resources */,
				EE8D43A01B069FE300E2673D /* Images.xcassets in Resources */,
			);
			runOnlyForDeploymentPostprocessing = 0;
		};
		EE8D43A61B069FE300E2673D /* Resources */ = {
			isa = PBXResourcesBuildPhase;
			buildActionMask = 2147483647;
			files = (
			);
			runOnlyForDeploymentPostprocessing = 0;
		};
/* End PBXResourcesBuildPhase section */

/* Begin PBXSourcesBuildPhase section */
		EE8D438F1B069FE300E2673D /* Sources */ = {
			isa = PBXSourcesBuildPhase;
			buildActionMask = 2147483647;
			files = (
				EE8D439B1B069FE300E2673D /* ViewController.swift in Sources */,
				EE8D43991B069FE300E2673D /* AppDelegate.swift in Sources */,
			);
			runOnlyForDeploymentPostprocessing = 0;
		};
		EE8D43A41B069FE300E2673D /* Sources */ = {
			isa = PBXSourcesBuildPhase;
			buildActionMask = 2147483647;
			files = (
				EE8D43AF1B069FE300E2673D /* FootyScorerTests.swift in Sources */,
			);
			runOnlyForDeploymentPostprocessing = 0;
		};
/* End PBXSourcesBuildPhase section */

/* Begin PBXTargetDependency section */
		EE8D43AA1B069FE300E2673D /* PBXTargetDependency */ = {
			isa = PBXTargetDependency;
			target = EE8D43921B069FE300E2673D /* FootyScorer */;
			targetProxy = EE8D43A91B069FE300E2673D /* PBXContainerItemProxy */;
		};
/* End PBXTargetDependency section */

/* Begin PBXVariantGroup section */
		EE8D439C1B069FE300E2673D /* Main.storyboard */ = {
			isa = PBXVariantGroup;
			children = (
				EE8D439D1B069FE300E2673D /* Base */,
			);
			name = Main.storyboard;
			sourceTree = "<group>";
		};
		EE8D43A11B069FE300E2673D /* LaunchScreen.xib */ = {
			isa = PBXVariantGroup;
			children = (
				EE8D43A21B069FE300E2673D /* Base */,
			);
			name = LaunchScreen.xib;
			sourceTree = "<group>";
		};
/* End PBXVariantGroup section */

/* Begin XCBuildConfiguration section */
		EE8D43B01B069FE300E2673D /* Debug */ = {
			isa = XCBuildConfiguration;
			buildSettings = {
				ALWAYS_SEARCH_USER_PATHS = NO;
				CLANG_CXX_LANGUAGE_STANDARD = "gnu++0x";
				CLANG_CXX_LIBRARY = "libc++";
				CLANG_ENABLE_MODULES = YES;
				CLANG_ENABLE_OBJC_ARC = YES;
				CLANG_WARN_BOOL_CONVERSION = YES;
				CLANG_WARN_CONSTANT_CONVERSION = YES;
				CLANG_WARN_DIRECT_OBJC_ISA_USAGE = YES_ERROR;
				CLANG_WARN_EMPTY_BODY = YES;
				CLANG_WARN_ENUM_CONVERSION = YES;
				CLANG_WARN_INT_CONVERSION = YES;
				CLANG_WARN_OBJC_ROOT_CLASS = YES_ERROR;
				CLANG_WARN_UNREACHABLE_CODE = YES;
				CLANG_WARN__DUPLICATE_METHOD_MATCH = YES;
				"CODE_SIGN_IDENTITY[sdk=iphoneos*]" = "iPhone Developer";
				COPY_PHASE_STRIP = NO;
				DEBUG_INFORMATION_FORMAT = "dwarf-with-dsym";
				ENABLE_STRICT_OBJC_MSGSEND = YES;
				GCC_C_LANGUAGE_STANDARD = gnu99;
				GCC_DYNAMIC_NO_PIC = NO;
				GCC_NO_COMMON_BLOCKS = YES;
				GCC_OPTIMIZATION_LEVEL = 0;
				GCC_PREPROCESSOR_DEFINITIONS = (
					"DEBUG=1",
					"$(inherited)",
				);
				GCC_SYMBOLS_PRIVATE_EXTERN = NO;
				GCC_WARN_64_TO_32_BIT_CONVERSION = YES;
				GCC_WARN_ABOUT_RETURN_TYPE = YES_ERROR;
				GCC_WARN_UNDECLARED_SELECTOR = YES;
				GCC_WARN_UNINITIALIZED_AUTOS = YES_AGGRESSIVE;
				GCC_WARN_UNUSED_FUNCTION = YES;
				GCC_WARN_UNUSED_VARIABLE = YES;
				IPHONEOS_DEPLOYMENT_TARGET = 8.3;
				MTL_ENABLE_DEBUG_INFO = YES;
				ONLY_ACTIVE_ARCH = YES;
				SDKROOT = iphoneos;
				SWIFT_OPTIMIZATION_LEVEL = "-Onone";
			};
			name = Debug;
		};
		EE8D43B11B069FE300E2673D /* Release */ = {
			isa = XCBuildConfiguration;
			buildSettings = {
				ALWAYS_SEARCH_USER_PATHS = NO;
				CLANG_CXX_LANGUAGE_STANDARD = "gnu++0x";
				CLANG_CXX_LIBRARY = "libc++";
				CLANG_ENABLE_MODULES = YES;
				CLANG_ENABLE_OBJC_ARC = YES;
				CLANG_WARN_BOOL_CONVERSION = YES;
				CLANG_WARN_CONSTANT_CONVERSION = YES;
				CLANG_WARN_DIRECT_OBJC_ISA_USAGE = YES_ERROR;
				CLANG_WARN_EMPTY_BODY = YES;
				CLANG_WARN_ENUM_CONVERSION = YES;
				CLANG_WARN_INT_CONVERSION = YES;
				CLANG_WARN_OBJC_ROOT_CLASS = YES_ERROR;
				CLANG_WARN_UNREACHABLE_CODE = YES;
				CLANG_WARN__DUPLICATE_METHOD_MATCH = YES;
				"CODE_SIGN_IDENTITY[sdk=iphoneos*]" = "iPhone Developer";
				COPY_PHASE_STRIP = NO;
				DEBUG_INFORMATION_FORMAT = "dwarf-with-dsym";
				ENABLE_NS_ASSERTIONS = NO;
				ENABLE_STRICT_OBJC_MSGSEND = YES;
				GCC_C_LANGUAGE_STANDARD = gnu99;
				GCC_NO_COMMON_BLOCKS = YES;
				GCC_WARN_64_TO_32_BIT_CONVERSION = YES;
				GCC_WARN_ABOUT_RETURN_TYPE = YES_ERROR;
				GCC_WARN_UNDECLARED_SELECTOR = YES;
				GCC_WARN_UNINITIALIZED_AUTOS = YES_AGGRESSIVE;
				GCC_WARN_UNUSED_FUNCTION = YES;
				GCC_WARN_UNUSED_VARIABLE = YES;
				IPHONEOS_DEPLOYMENT_TARGET = 8.3;
				MTL_ENABLE_DEBUG_INFO = NO;
				SDKROOT = iphoneos;
				VALIDATE_PRODUCT = YES;
			};
			name = Release;
		};
		EE8D43B31B069FE300E2673D /* Debug */ = {
			isa = XCBuildConfiguration;
			buildSettings = {
				ASSETCATALOG_COMPILER_APPICON_NAME = AppIcon;
				CODE_SIGN_IDENTITY = "iPhone Developer";
				INFOPLIST_FILE = FootyScorer/Info.plist;
				LD_RUNPATH_SEARCH_PATHS = "$(inherited) @executable_path/Frameworks";
				PRODUCT_NAME = "$(TARGET_NAME)";
				TARGETED_DEVICE_FAMILY = 1;
			};
			name = Debug;
		};
		EE8D43B41B069FE300E2673D /* Release */ = {
			isa = XCBuildConfiguration;
			buildSettings = {
				ASSETCATALOG_COMPILER_APPICON_NAME = AppIcon;
				CODE_SIGN_IDENTITY = "iPhone Developer";
				INFOPLIST_FILE = FootyScorer/Info.plist;
				LD_RUNPATH_SEARCH_PATHS = "$(inherited) @executable_path/Frameworks";
				PRODUCT_NAME = "$(TARGET_NAME)";
				TARGETED_DEVICE_FAMILY = 1;
			};
			name = Release;
		};
		EE8D43B61B069FE300E2673D /* Debug */ = {
			isa = XCBuildConfiguration;
			buildSettings = {
				BUNDLE_LOADER = "$(TEST_HOST)";
				FRAMEWORK_SEARCH_PATHS = (
					"$(SDKROOT)/Developer/Library/Frameworks",
					"$(inherited)",
				);
				GCC_PREPROCESSOR_DEFINITIONS = (
					"DEBUG=1",
					"$(inherited)",
				);
				INFOPLIST_FILE = FootyScorerTests/Info.plist;
				LD_RUNPATH_SEARCH_PATHS = "$(inherited) @executable_path/Frameworks @loader_path/Frameworks";
				PRODUCT_NAME = "$(TARGET_NAME)";
				TEST_HOST = "$(BUILT_PRODUCTS_DIR)/FootyScorer.app/FootyScorer";
			};
			name = Debug;
		};
		EE8D43B71B069FE300E2673D /* Release */ = {
			isa = XCBuildConfiguration;
			buildSettings = {
				BUNDLE_LOADER = "$(TEST_HOST)";
				FRAMEWORK_SEARCH_PATHS = (
					"$(SDKROOT)/Developer/Library/Frameworks",
					"$(inherited)",
				);
				INFOPLIST_FILE = FootyScorerTests/Info.plist;
				LD_RUNPATH_SEARCH_PATHS = "$(inherited) @executable_path/Frameworks @loader_path/Frameworks";
				PRODUCT_NAME = "$(TARGET_NAME)";
				TEST_HOST = "$(BUILT_PRODUCTS_DIR)/FootyScorer.app/FootyScorer";
			};
			name = Release;
		};
/* End XCBuildConfiguration section */

/* Begin XCConfigurationList section */
		EE8D438E1B069FE300E2673D /* Build configuration list for PBXProject "FootyScorer" */ = {
			isa = XCConfigurationList;
			buildConfigurations = (
				EE8D43B01B069FE300E2673D /* Debug */,
				EE8D43B11B069FE300E2673D /* Release */,
			);
			defaultConfigurationIsVisible = 0;
			defaultConfigurationName = Release;
		};
		EE8D43B21B069FE300E2673D /* Build configuration list for PBXNativeTarget "FootyScorer" */ = {
			isa = XCConfigurationList;
			buildConfigurations = (
				EE8D43B31B069FE300E2673D /* Debug */,
				EE8D43B41B069FE300E2673D /* Release */,
			);
			defaultConfigurationIsVisible = 0;
		};
		EE8D43B51B069FE300E2673D /* Build configuration list for PBXNativeTarget "FootyScorerTests" */ = {
			isa = XCConfigurationList;
			buildConfigurations = (
				EE8D43B61B069FE300E2673D /* Debug */,
				EE8D43B71B069FE300E2673D /* Release */,
			);
			defaultConfigurationIsVisible = 0;
		};
/* End XCConfigurationList section */
	};
	rootObject = EE8D438B1B069FE300E2673D /* Project object */;
}
